
Microsoft Visual Studio Solution File, Format Version 12.00
# Visual Studio Version 16
VisualStudioVersion = 16.0.30907.101
MinimumVisualStudioVersion = 10.0.40219.1
Project("{FAE04EC0-301F-11D3-BF4B-00C04F79EFBC}") = "Mix-View", "Mix-View.csproj", "{53CE4692-491B-4395-BEA0-AFE3A86B9744}"
EndProject
Global
	GlobalSection(SolutionConfigurationPlatforms) = preSolution
		Debug|Any CPU = Debug|Any CPU
		Release|Any CPU = Release|Any CPU
	EndGlobalSection
	GlobalSection(ProjectConfigurationPlatforms) = postSolution
		{53CE4692-491B-4395-BEA0-AFE3A86B9744}.Debug|Any CPU.ActiveCfg = Debug|Any CPU
		{53CE4692-491B-4395-BEA0-AFE3A86B9744}.Debug|Any CPU.Build.0 = Debug|Any CPU
		{53CE4692-491B-4395-BEA0-AFE3A86B9744}.Release|Any CPU.ActiveCfg = Release|Any CPU
		{53CE4692-491B-4395-BEA0-AFE3A86B9744}.Release|Any CPU.Build.0 = Release|Any CPU
	EndGlobalSection
	GlobalSection(SolutionProperties) = preSolution
		HideSolutionNode = FALSE
	EndGlobalSection
	GlobalSection(ExtensibilityGlobals) = postSolution
		SolutionGuid = {1E9BFCE6-4445-4E92-AE02-B0F8A3E452CD}
	EndGlobalSection
EndGlobal
